// !$*UTF8*$!
{
	archiveVersion = 1;
	classes = {
	};
	objectVersion = 56;
	objects = {

/* Begin PBXBuildFile section */
		79455E9F296CF6A400C807B2 /* MemoryGameApp.swift in Sources */ = {isa = PBXBuildFile; fileRef = 79455E9E296CF6A400C807B2 /* MemoryGameApp.swift */; };
		79455EA1296CF6A400C807B2 /* EmojiMemoryGameView.swift in Sources */ = {isa = PBXBuildFile; fileRef = 79455EA0296CF6A400C807B2 /* EmojiMemoryGameView.swift */; };
		79455EA3296CF6A700C807B2 /* Assets.xcassets in Resources */ = {isa = PBXBuildFile; fileRef = 79455EA2296CF6A700C807B2 /* Assets.xcassets */; };
		79455EA6296CF6A700C807B2 /* Preview Assets.xcassets in Resources */ = {isa = PBXBuildFile; fileRef = 79455EA5296CF6A700C807B2 /* Preview Assets.xcassets */; };
		79455EB0296CF6A700C807B2 /* MemoryGameTests.swift in Sources */ = {isa = PBXBuildFile; fileRef = 79455EAF296CF6A700C807B2 /* MemoryGameTests.swift */; };
		79455EBA296CF6A700C807B2 /* MemoryGameUITests.swift in Sources */ = {isa = PBXBuildFile; fileRef = 79455EB9296CF6A700C807B2 /* MemoryGameUITests.swift */; };
		79455EBC296CF6A700C807B2 /* MemoryGameUITestsLaunchTests.swift in Sources */ = {isa = PBXBuildFile; fileRef = 79455EBB296CF6A700C807B2 /* MemoryGameUITestsLaunchTests.swift */; };
		79817A54296FC1540015349A /* Theme.swift in Sources */ = {isa = PBXBuildFile; fileRef = 79817A53296FC1540015349A /* Theme.swift */; };
		7993555F2973AAA500B49176 /* Extensions.swift in Sources */ = {isa = PBXBuildFile; fileRef = 7993555E2973AAA500B49176 /* Extensions.swift */; };
		799355612973D94D00B49176 /* AspectVGrid.swift in Sources */ = {isa = PBXBuildFile; fileRef = 799355602973D94D00B49176 /* AspectVGrid.swift */; };
		799355652973E14500B49176 /* CardView.swift in Sources */ = {isa = PBXBuildFile; fileRef = 799355642973E14500B49176 /* CardView.swift */; };
		799355692973F35600B49176 /* Card.swift in Sources */ = {isa = PBXBuildFile; fileRef = 799355682973F35600B49176 /* Card.swift */; };
		79B5CFF2296E7A68002AD4F8 /* MemoryGameModel.swift in Sources */ = {isa = PBXBuildFile; fileRef = 79B5CFF1296E7A68002AD4F8 /* MemoryGameModel.swift */; };
		79B5CFF4296E7FC8002AD4F8 /* EmojiGameViewModel.swift in Sources */ = {isa = PBXBuildFile; fileRef = 79B5CFF3296E7FC8002AD4F8 /* EmojiGameViewModel.swift */; };
/* End PBXBuildFile section */

/* Begin PBXContainerItemProxy section */
		79455EAC296CF6A700C807B2 /* PBXContainerItemProxy */ = {
			isa = PBXContainerItemProxy;
			containerPortal = 79455E93296CF6A400C807B2 /* Project object */;
			proxyType = 1;
			remoteGlobalIDString = 79455E9A296CF6A400C807B2;
			remoteInfo = MemoryGame;
		};
		79455EB6296CF6A700C807B2 /* PBXContainerItemProxy */ = {
			isa = PBXContainerItemProxy;
			containerPortal = 79455E93296CF6A400C807B2 /* Project object */;
			proxyType = 1;
			remoteGlobalIDString = 79455E9A296CF6A400C807B2;
			remoteInfo = MemoryGame;
		};
/* End PBXContainerItemProxy section */

/* Begin PBXFileReference section */
		79455E9B296CF6A400C807B2 /* MemoryGame.app */ = {isa = PBXFileReference; explicitFileType = wrapper.application; includeInIndex = 0; path = MemoryGame.app; sourceTree = BUILT_PRODUCTS_DIR; };
		79455E9E296CF6A400C807B2 /* MemoryGameApp.swift */ = {isa = PBXFileReference; lastKnownFileType = sourcecode.swift; path = MemoryGameApp.swift; sourceTree = "<group>"; };
		79455EA0296CF6A400C807B2 /* EmojiMemoryGameView.swift */ = {isa = PBXFileReference; lastKnownFileType = sourcecode.swift; path = EmojiMemoryGameView.swift; sourceTree = "<group>"; };
		79455EA2296CF6A700C807B2 /* Assets.xcassets */ = {isa = PBXFileReference; lastKnownFileType = folder.assetcatalog; path = Assets.xcassets; sourceTree = "<group>"; };
		79455EA5296CF6A700C807B2 /* Preview Assets.xcassets */ = {isa = PBXFileReference; lastKnownFileType = folder.assetcatalog; path = "Preview Assets.xcassets"; sourceTree = "<group>"; };
		79455EAB296CF6A700C807B2 /* MemoryGameTests.xctest */ = {isa = PBXFileReference; explicitFileType = wrapper.cfbundle; includeInIndex = 0; path = MemoryGameTests.xctest; sourceTree = BUILT_PRODUCTS_DIR; };
		79455EAF296CF6A700C807B2 /* MemoryGameTests.swift */ = {isa = PBXFileReference; lastKnownFileType = sourcecode.swift; path = MemoryGameTests.swift; sourceTree = "<group>"; };
		79455EB5296CF6A700C807B2 /* MemoryGameUITests.xctest */ = {isa = PBXFileReference; explicitFileType = wrapper.cfbundle; includeInIndex = 0; path = MemoryGameUITests.xctest; sourceTree = BUILT_PRODUCTS_DIR; };
		79455EB9296CF6A700C807B2 /* MemoryGameUITests.swift */ = {isa = PBXFileReference; lastKnownFileType = sourcecode.swift; path = MemoryGameUITests.swift; sourceTree = "<group>"; };
		79455EBB296CF6A700C807B2 /* MemoryGameUITestsLaunchTests.swift */ = {isa = PBXFileReference; lastKnownFileType = sourcecode.swift; path = MemoryGameUITestsLaunchTests.swift; sourceTree = "<group>"; };
		79817A53296FC1540015349A /* Theme.swift */ = {isa = PBXFileReference; lastKnownFileType = sourcecode.swift; path = Theme.swift; sourceTree = "<group>"; };
		7993555E2973AAA500B49176 /* Extensions.swift */ = {isa = PBXFileReference; lastKnownFileType = sourcecode.swift; path = Extensions.swift; sourceTree = "<group>"; };
		799355602973D94D00B49176 /* AspectVGrid.swift */ = {isa = PBXFileReference; lastKnownFileType = sourcecode.swift; path = AspectVGrid.swift; sourceTree = "<group>"; };
		799355642973E14500B49176 /* CardView.swift */ = {isa = PBXFileReference; lastKnownFileType = sourcecode.swift; path = CardView.swift; sourceTree = "<group>"; };
		799355682973F35600B49176 /* Card.swift */ = {isa = PBXFileReference; lastKnownFileType = sourcecode.swift; path = Card.swift; sourceTree = "<group>"; };
		79B5CFF1296E7A68002AD4F8 /* MemoryGameModel.swift */ = {isa = PBXFileReference; lastKnownFileType = sourcecode.swift; path = MemoryGameModel.swift; sourceTree = "<group>"; };
		79B5CFF3296E7FC8002AD4F8 /* EmojiGameViewModel.swift */ = {isa = PBXFileReference; lastKnownFileType = sourcecode.swift; path = EmojiGameViewModel.swift; sourceTree = "<group>"; };
/* End PBXFileReference section */

/* Begin PBXFrameworksBuildPhase section */
		79455E98296CF6A400C807B2 /* Frameworks */ = {
			isa = PBXFrameworksBuildPhase;
			buildActionMask = 2147483647;
			files = (
			);
			runOnlyForDeploymentPostprocessing = 0;
		};
		79455EA8296CF6A700C807B2 /* Frameworks */ = {
			isa = PBXFrameworksBuildPhase;
			buildActionMask = 2147483647;
			files = (
			);
			runOnlyForDeploymentPostprocessing = 0;
		};
		79455EB2296CF6A700C807B2 /* Frameworks */ = {
			isa = PBXFrameworksBuildPhase;
			buildActionMask = 2147483647;
			files = (
			);
			runOnlyForDeploymentPostprocessing = 0;
		};
/* End PBXFrameworksBuildPhase section */

/* Begin PBXGroup section */
		79455E92296CF6A400C807B2 = {
			isa = PBXGroup;
			children = (
				79455E9D296CF6A400C807B2 /* MemoryGame */,
				79455EAE296CF6A700C807B2 /* MemoryGameTests */,
				79455EB8296CF6A700C807B2 /* MemoryGameUITests */,
				79455E9C296CF6A400C807B2 /* Products */,
			);
			sourceTree = "<group>";
		};
		79455E9C296CF6A400C807B2 /* Products */ = {
			isa = PBXGroup;
			children = (
				79455E9B296CF6A400C807B2 /* MemoryGame.app */,
				79455EAB296CF6A700C807B2 /* MemoryGameTests.xctest */,
				79455EB5296CF6A700C807B2 /* MemoryGameUITests.xctest */,
			);
			name = Products;
			sourceTree = "<group>";
		};
		79455E9D296CF6A400C807B2 /* MemoryGame */ = {
			isa = PBXGroup;
			children = (
				7993555D2973AA8800B49176 /* Utils */,
				79455E9E296CF6A400C807B2 /* MemoryGameApp.swift */,
				799355622973E0AA00B49176 /* Data */,
				79455EA0296CF6A400C807B2 /* EmojiMemoryGameView.swift */,
				799355632973E0C200B49176 /* Views */,
				79B5CFF3296E7FC8002AD4F8 /* EmojiGameViewModel.swift */,
				79B5CFF1296E7A68002AD4F8 /* MemoryGameModel.swift */,
				79455EA2296CF6A700C807B2 /* Assets.xcassets */,
				79455EA4296CF6A700C807B2 /* Preview Content */,
			);
			path = MemoryGame;
			sourceTree = "<group>";
		};
		79455EA4296CF6A700C807B2 /* Preview Content */ = {
			isa = PBXGroup;
			children = (
				79455EA5296CF6A700C807B2 /* Preview Assets.xcassets */,
			);
			path = "Preview Content";
			sourceTree = "<group>";
		};
		79455EAE296CF6A700C807B2 /* MemoryGameTests */ = {
			isa = PBXGroup;
			children = (
				79455EAF296CF6A700C807B2 /* MemoryGameTests.swift */,
			);
			path = MemoryGameTests;
			sourceTree = "<group>";
		};
		79455EB8296CF6A700C807B2 /* MemoryGameUITests */ = {
			isa = PBXGroup;
			children = (
				79455EB9296CF6A700C807B2 /* MemoryGameUITests.swift */,
				79455EBB296CF6A700C807B2 /* MemoryGameUITestsLaunchTests.swift */,
			);
			path = MemoryGameUITests;
			sourceTree = "<group>";
		};
		7993555D2973AA8800B49176 /* Utils */ = {
			isa = PBXGroup;
			children = (
				7993555E2973AAA500B49176 /* Extensions.swift */,
			);
			path = Utils;
			sourceTree = "<group>";
		};
		799355622973E0AA00B49176 /* Data */ = {
			isa = PBXGroup;
			children = (
				79817A53296FC1540015349A /* Theme.swift */,
				799355682973F35600B49176 /* Card.swift */,
			);
			path = Data;
			sourceTree = "<group>";
		};
		799355632973E0C200B49176 /* Views */ = {
			isa = PBXGroup;
			children = (
				799355602973D94D00B49176 /* AspectVGrid.swift */,
				799355642973E14500B49176 /* CardView.swift */,
			);
			path = Views;
			sourceTree = "<group>";
		};
/* End PBXGroup section */

/* Begin PBXNativeTarget section */
		79455E9A296CF6A400C807B2 /* MemoryGame */ = {
			isa = PBXNativeTarget;
			buildConfigurationList = 79455EBF296CF6A700C807B2 /* Build configuration list for PBXNativeTarget "MemoryGame" */;
			buildPhases = (
				79455E97296CF6A400C807B2 /* Sources */,
				79455E98296CF6A400C807B2 /* Frameworks */,
				79455E99296CF6A400C807B2 /* Resources */,
			);
			buildRules = (
			);
			dependencies = (
			);
			name = MemoryGame;
			productName = MemoryGame;
			productReference = 79455E9B296CF6A400C807B2 /* MemoryGame.app */;
			productType = "com.apple.product-type.application";
		};
		79455EAA296CF6A700C807B2 /* MemoryGameTests */ = {
			isa = PBXNativeTarget;
			buildConfigurationList = 79455EC2296CF6A700C807B2 /* Build configuration list for PBXNativeTarget "MemoryGameTests" */;
			buildPhases = (
				79455EA7296CF6A700C807B2 /* Sources */,
				79455EA8296CF6A700C807B2 /* Frameworks */,
				79455EA9296CF6A700C807B2 /* Resources */,
			);
			buildRules = (
			);
			dependencies = (
				79455EAD296CF6A700C807B2 /* PBXTargetDependency */,
			);
			name = MemoryGameTests;
			productName = MemoryGameTests;
			productReference = 79455EAB296CF6A700C807B2 /* MemoryGameTests.xctest */;
			productType = "com.apple.product-type.bundle.unit-test";
		};
		79455EB4296CF6A700C807B2 /* MemoryGameUITests */ = {
			isa = PBXNativeTarget;
			buildConfigurationList = 79455EC5296CF6A700C807B2 /* Build configuration list for PBXNativeTarget "MemoryGameUITests" */;
			buildPhases = (
				79455EB1296CF6A700C807B2 /* Sources */,
				79455EB2296CF6A700C807B2 /* Frameworks */,
				79455EB3296CF6A700C807B2 /* Resources */,
			);
			buildRules = (
			);
			dependencies = (
				79455EB7296CF6A700C807B2 /* PBXTargetDependency */,
			);
			name = MemoryGameUITests;
			productName = MemoryGameUITests;
			productReference = 79455EB5296CF6A700C807B2 /* MemoryGameUITests.xctest */;
			productType = "com.apple.product-type.bundle.ui-testing";
		};
/* End PBXNativeTarget section */

/* Begin PBXProject section */
		79455E93296CF6A400C807B2 /* Project object */ = {
			isa = PBXProject;
			attributes = {
				BuildIndependentTargetsInParallel = 1;
				LastSwiftUpdateCheck = 1420;
				LastUpgradeCheck = 1420;
				TargetAttributes = {
					79455E9A296CF6A400C807B2 = {
						CreatedOnToolsVersion = 14.2;
					};
					79455EAA296CF6A700C807B2 = {
						CreatedOnToolsVersion = 14.2;
						TestTargetID = 79455E9A296CF6A400C807B2;
					};
					79455EB4296CF6A700C807B2 = {
						CreatedOnToolsVersion = 14.2;
						TestTargetID = 79455E9A296CF6A400C807B2;
					};
				};
			};
			buildConfigurationList = 79455E96296CF6A400C807B2 /* Build configuration list for PBXProject "MemoryGame" */;
			compatibilityVersion = "Xcode 14.0";
			developmentRegion = en;
			hasScannedForEncodings = 0;
			knownRegions = (
				en,
				Base,
			);
			mainGroup = 79455E92296CF6A400C807B2;
			productRefGroup = 79455E9C296CF6A400C807B2 /* Products */;
			projectDirPath = "";
			projectRoot = "";
			targets = (
				79455E9A296CF6A400C807B2 /* MemoryGame */,
				79455EAA296CF6A700C807B2 /* MemoryGameTests */,
				79455EB4296CF6A700C807B2 /* MemoryGameUITests */,
			);
		};
/* End PBXProject section */

/* Begin PBXResourcesBuildPhase section */
		79455E99296CF6A400C807B2 /* Resources */ = {
			isa = PBXResourcesBuildPhase;
			buildActionMask = 2147483647;
			files = (
				79455EA6296CF6A700C807B2 /* Preview Assets.xcassets in Resources */,
				79455EA3296CF6A700C807B2 /* Assets.xcassets in Resources */,
			);
			runOnlyForDeploymentPostprocessing = 0;
		};
		79455EA9296CF6A700C807B2 /* Resources */ = {
			isa = PBXResourcesBuildPhase;
			buildActionMask = 2147483647;
			files = (
			);
			runOnlyForDeploymentPostprocessing = 0;
		};
		79455EB3296CF6A700C807B2 /* Resources */ = {
			isa = PBXResourcesBuildPhase;
			buildActionMask = 2147483647;
			files = (
			);
			runOnlyForDeploymentPostprocessing = 0;
		};
/* End PBXResourcesBuildPhase section */

/* Begin PBXSourcesBuildPhase section */
		79455E97296CF6A400C807B2 /* Sources */ = {
			isa = PBXSourcesBuildPhase;
			buildActionMask = 2147483647;
			files = (
				79B5CFF2296E7A68002AD4F8 /* MemoryGameModel.swift in Sources */,
				799355692973F35600B49176 /* Card.swift in Sources */,
				7993555F2973AAA500B49176 /* Extensions.swift in Sources */,
				799355612973D94D00B49176 /* AspectVGrid.swift in Sources */,
				79455EA1296CF6A400C807B2 /* EmojiMemoryGameView.swift in Sources */,
				79817A54296FC1540015349A /* Theme.swift in Sources */,
				79455E9F296CF6A400C807B2 /* MemoryGameApp.swift in Sources */,
				799355652973E14500B49176 /* CardView.swift in Sources */,
				79B5CFF4296E7FC8002AD4F8 /* EmojiGameViewModel.swift in Sources */,
			);
			runOnlyForDeploymentPostprocessing = 0;
		};
		79455EA7296CF6A700C807B2 /* Sources */ = {
			isa = PBXSourcesBuildPhase;
			buildActionMask = 2147483647;
			files = (
				79455EB0296CF6A700C807B2 /* MemoryGameTests.swift in Sources */,
			);
			runOnlyForDeploymentPostprocessing = 0;
		};
		79455EB1296CF6A700C807B2 /* Sources */ = {
			isa = PBXSourcesBuildPhase;
			buildActionMask = 2147483647;
			files = (
				79455EBA296CF6A700C807B2 /* MemoryGameUITests.swift in Sources */,
				79455EBC296CF6A700C807B2 /* MemoryGameUITestsLaunchTests.swift in Sources */,
			);
			runOnlyForDeploymentPostprocessing = 0;
		};
/* End PBXSourcesBuildPhase section */

/* Begin PBXTargetDependency section */
		79455EAD296CF6A700C807B2 /* PBXTargetDependency */ = {
			isa = PBXTargetDependency;
			target = 79455E9A296CF6A400C807B2 /* MemoryGame */;
			targetProxy = 79455EAC296CF6A700C807B2 /* PBXContainerItemProxy */;
		};
		79455EB7296CF6A700C807B2 /* PBXTargetDependency */ = {
			isa = PBXTargetDependency;
			target = 79455E9A296CF6A400C807B2 /* MemoryGame */;
			targetProxy = 79455EB6296CF6A700C807B2 /* PBXContainerItemProxy */;
		};
/* End PBXTargetDependency section */

/* Begin XCBuildConfiguration section */
		79455EBD296CF6A700C807B2 /* Debug */ = {
			isa = XCBuildConfiguration;
			buildSettings = {
				ALWAYS_SEARCH_USER_PATHS = NO;
				CLANG_ANALYZER_NONNULL = YES;
				CLANG_ANALYZER_NUMBER_OBJECT_CONVERSION = YES_AGGRESSIVE;
				CLANG_CXX_LANGUAGE_STANDARD = "gnu++20";
				CLANG_ENABLE_MODULES = YES;
				CLANG_ENABLE_OBJC_ARC = YES;
				CLANG_ENABLE_OBJC_WEAK = YES;
				CLANG_WARN_BLOCK_CAPTURE_AUTORELEASING = YES;
				CLANG_WARN_BOOL_CONVERSION = YES;
				CLANG_WARN_COMMA = YES;
				CLANG_WARN_CONSTANT_CONVERSION = YES;
				CLANG_WARN_DEPRECATED_OBJC_IMPLEMENTATIONS = YES;
				CLANG_WARN_DIRECT_OBJC_ISA_USAGE = YES_ERROR;
				CLANG_WARN_DOCUMENTATION_COMMENTS = YES;
				CLANG_WARN_EMPTY_BODY = YES;
				CLANG_WARN_ENUM_CONVERSION = YES;
				CLANG_WARN_INFINITE_RECURSION = YES;
				CLANG_WARN_INT_CONVERSION = YES;
				CLANG_WARN_NON_LITERAL_NULL_CONVERSION = YES;
				CLANG_WARN_OBJC_IMPLICIT_RETAIN_SELF = YES;
				CLANG_WARN_OBJC_LITERAL_CONVERSION = YES;
				CLANG_WARN_OBJC_ROOT_CLASS = YES_ERROR;
				CLANG_WARN_QUOTED_INCLUDE_IN_FRAMEWORK_HEADER = YES;
				CLANG_WARN_RANGE_LOOP_ANALYSIS = YES;
				CLANG_WARN_STRICT_PROTOTYPES = YES;
				CLANG_WARN_SUSPICIOUS_MOVE = YES;
				CLANG_WARN_UNGUARDED_AVAILABILITY = YES_AGGRESSIVE;
				CLANG_WARN_UNREACHABLE_CODE = YES;
				CLANG_WARN__DUPLICATE_METHOD_MATCH = YES;
				COPY_PHASE_STRIP = NO;
				DEBUG_INFORMATION_FORMAT = dwarf;
				ENABLE_STRICT_OBJC_MSGSEND = YES;
				ENABLE_TESTABILITY = YES;
				GCC_C_LANGUAGE_STANDARD = gnu11;
				GCC_DYNAMIC_NO_PIC = NO;
				GCC_NO_COMMON_BLOCKS = YES;
				GCC_OPTIMIZATION_LEVEL = 0;
				GCC_PREPROCESSOR_DEFINITIONS = (
					"DEBUG=1",
					"$(inherited)",
				);
				GCC_WARN_64_TO_32_BIT_CONVERSION = YES;
				GCC_WARN_ABOUT_RETURN_TYPE = YES_ERROR;
				GCC_WARN_UNDECLARED_SELECTOR = YES;
				GCC_WARN_UNINITIALIZED_AUTOS = YES_AGGRESSIVE;
				GCC_WARN_UNUSED_FUNCTION = YES;
				GCC_WARN_UNUSED_VARIABLE = YES;
				IPHONEOS_DEPLOYMENT_TARGET = 14.0;
				MTL_ENABLE_DEBUG_INFO = INCLUDE_SOURCE;
				MTL_FAST_MATH = YES;
				ONLY_ACTIVE_ARCH = YES;
				SDKROOT = iphoneos;
				SWIFT_ACTIVE_COMPILATION_CONDITIONS = DEBUG;
				SWIFT_OPTIMIZATION_LEVEL = "-Onone";
			};
			name = Debug;
		};
		79455EBE296CF6A700C807B2 /* Release */ = {
			isa = XCBuildConfiguration;
			buildSettings = {
				ALWAYS_SEARCH_USER_PATHS = NO;
				CLANG_ANALYZER_NONNULL = YES;
				CLANG_ANALYZER_NUMBER_OBJECT_CONVERSION = YES_AGGRESSIVE;
				CLANG_CXX_LANGUAGE_STANDARD = "gnu++20";
				CLANG_ENABLE_MODULES = YES;
				CLANG_ENABLE_OBJC_ARC = YES;
				CLANG_ENABLE_OBJC_WEAK = YES;
				CLANG_WARN_BLOCK_CAPTURE_AUTORELEASING = YES;
				CLANG_WARN_BOOL_CONVERSION = YES;
				CLANG_WARN_COMMA = YES;
				CLANG_WARN_CONSTANT_CONVERSION = YES;
				CLANG_WARN_DEPRECATED_OBJC_IMPLEMENTATIONS = YES;
				CLANG_WARN_DIRECT_OBJC_ISA_USAGE = YES_ERROR;
				CLANG_WARN_DOCUMENTATION_COMMENTS = YES;
				CLANG_WARN_EMPTY_BODY = YES;
				CLANG_WARN_ENUM_CONVERSION = YES;
				CLANG_WARN_INFINITE_RECURSION = YES;
				CLANG_WARN_INT_CONVERSION = YES;
				CLANG_WARN_NON_LITERAL_NULL_CONVERSION = YES;
				CLANG_WARN_OBJC_IMPLICIT_RETAIN_SELF = YES;
				CLANG_WARN_OBJC_LITERAL_CONVERSION = YES;
				CLANG_WARN_OBJC_ROOT_CLASS = YES_ERROR;
				CLANG_WARN_QUOTED_INCLUDE_IN_FRAMEWORK_HEADER = YES;
				CLANG_WARN_RANGE_LOOP_ANALYSIS = YES;
				CLANG_WARN_STRICT_PROTOTYPES = YES;
				CLANG_WARN_SUSPICIOUS_MOVE = YES;
				CLANG_WARN_UNGUARDED_AVAILABILITY = YES_AGGRESSIVE;
				CLANG_WARN_UNREACHABLE_CODE = YES;
				CLANG_WARN__DUPLICATE_METHOD_MATCH = YES;
				COPY_PHASE_STRIP = NO;
				DEBUG_INFORMATION_FORMAT = "dwarf-with-dsym";
				ENABLE_NS_ASSERTIONS = NO;
				ENABLE_STRICT_OBJC_MSGSEND = YES;
				GCC_C_LANGUAGE_STANDARD = gnu11;
				GCC_NO_COMMON_BLOCKS = YES;
				GCC_WARN_64_TO_32_BIT_CONVERSION = YES;
				GCC_WARN_ABOUT_RETURN_TYPE = YES_ERROR;
				GCC_WARN_UNDECLARED_SELECTOR = YES;
				GCC_WARN_UNINITIALIZED_AUTOS = YES_AGGRESSIVE;
				GCC_WARN_UNUSED_FUNCTION = YES;
				GCC_WARN_UNUSED_VARIABLE = YES;
				IPHONEOS_DEPLOYMENT_TARGET = 14.0;
				MTL_ENABLE_DEBUG_INFO = NO;
				MTL_FAST_MATH = YES;
				SDKROOT = iphoneos;
				SWIFT_COMPILATION_MODE = wholemodule;
				SWIFT_OPTIMIZATION_LEVEL = "-O";
				VALIDATE_PRODUCT = YES;
			};
			name = Release;
		};
		79455EC0296CF6A700C807B2 /* Debug */ = {
			isa = XCBuildConfiguration;
			buildSettings = {
				ASSETCATALOG_COMPILER_APPICON_NAME = AppIcon;
				ASSETCATALOG_COMPILER_GLOBAL_ACCENT_COLOR_NAME = AccentColor;
				CODE_SIGN_STYLE = Automatic;
				CURRENT_PROJECT_VERSION = 1;
				DEVELOPMENT_ASSET_PATHS = "\"MemoryGame/Preview Content\"";
				DEVELOPMENT_TEAM = QL7G84W3RH;
				ENABLE_PREVIEWS = YES;
				EXCLUDED_ARCHS = "";
				FRAMEWORK_SEARCH_PATHS = "$(inherited)";
				GENERATE_INFOPLIST_FILE = YES;
				HEADER_SEARCH_PATHS = "$(inherited)";
				INFOPLIST_KEY_UIApplicationSceneManifest_Generation = YES;
				INFOPLIST_KEY_UIApplicationSupportsIndirectInputEvents = YES;
				INFOPLIST_KEY_UILaunchScreen_Generation = YES;
				INFOPLIST_KEY_UISupportedInterfaceOrientations_iPad = "UIInterfaceOrientationPortrait UIInterfaceOrientationPortraitUpsideDown UIInterfaceOrientationLandscapeLeft UIInterfaceOrientationLandscapeRight";
				INFOPLIST_KEY_UISupportedInterfaceOrientations_iPhone = "UIInterfaceOrientationPortrait UIInterfaceOrientationLandscapeLeft UIInterfaceOrientationLandscapeRight";
				IPHONEOS_DEPLOYMENT_TARGET = 14.0;
				LD_RUNPATH_SEARCH_PATHS = (
					"$(inherited)",
					"@executable_path/Frameworks",
				);
				MARKETING_VERSION = 1.0;
				PRODUCT_BUNDLE_IDENTIFIER = ca.veltus.MemoryGame;
				PRODUCT_NAME = "$(TARGET_NAME)";
				SWIFT_EMIT_LOC_STRINGS = YES;
				SWIFT_VERSION = 5.0;
				TARGETED_DEVICE_FAMILY = "1,2";
			};
			name = Debug;
		};
		79455EC1296CF6A700C807B2 /* Release */ = {
			isa = XCBuildConfiguration;
			buildSettings = {
				ASSETCATALOG_COMPILER_APPICON_NAME = AppIcon;
				ASSETCATALOG_COMPILER_GLOBAL_ACCENT_COLOR_NAME = AccentColor;
				CODE_SIGN_STYLE = Automatic;
				CURRENT_PROJECT_VERSION = 1;
				DEVELOPMENT_ASSET_PATHS = "\"MemoryGame/Preview Content\"";
				DEVELOPMENT_TEAM = QL7G84W3RH;
				ENABLE_PREVIEWS = YES;
				EXCLUDED_ARCHS = "";
				FRAMEWORK_SEARCH_PATHS = "$(inherited)";
				GENERATE_INFOPLIST_FILE = YES;
				HEADER_SEARCH_PATHS = "$(inherited)";
				INFOPLIST_KEY_UIApplicationSceneManifest_Generation = YES;
				INFOPLIST_KEY_UIApplicationSupportsIndirectInputEvents = YES;
				INFOPLIST_KEY_UILaunchScreen_Generation = YES;
				INFOPLIST_KEY_UISupportedInterfaceOrientations_iPad = "UIInterfaceOrientationPortrait UIInterfaceOrientationPortraitUpsideDown UIInterfaceOrientationLandscapeLeft UIInterfaceOrientationLandscapeRight";
				INFOPLIST_KEY_UISupportedInterfaceOrientations_iPhone = "UIInterfaceOrientationPortrait UIInterfaceOrientationLandscapeLeft UIInterfaceOrientationLandscapeRight";
				IPHONEOS_DEPLOYMENT_TARGET = 14.0;
				LD_RUNPATH_SEARCH_PATHS = (
					"$(inherited)",
					"@executable_path/Frameworks",
				);
				MARKETING_VERSION = 1.0;
				PRODUCT_BUNDLE_IDENTIFIER = ca.veltus.MemoryGame;
				PRODUCT_NAME = "$(TARGET_NAME)";
				SWIFT_EMIT_LOC_STRINGS = YES;
				SWIFT_VERSION = 5.0;
				TARGETED_DEVICE_FAMILY = "1,2";
			};
			name = Release;
		};
		79455EC3296CF6A700C807B2 /* Debug */ = {
			isa = XCBuildConfiguration;
			buildSettings = {
				ALWAYS_EMBED_SWIFT_STANDARD_LIBRARIES = YES;
				BUNDLE_LOADER = "$(TEST_HOST)";
				CODE_SIGN_STYLE = Automatic;
				CURRENT_PROJECT_VERSION = 1;
				DEVELOPMENT_TEAM = QL7G84W3RH;
				FRAMEWORK_SEARCH_PATHS = "$(inherited)";
				GENERATE_INFOPLIST_FILE = YES;
				HEADER_SEARCH_PATHS = "$(inherited)";
				IPHONEOS_DEPLOYMENT_TARGET = 16.2;
				MARKETING_VERSION = 1.0;
				PRODUCT_BUNDLE_IDENTIFIER = ca.veltus.MemoryGameTests;
				PRODUCT_NAME = "$(TARGET_NAME)";
				SWIFT_EMIT_LOC_STRINGS = NO;
				SWIFT_VERSION = 5.0;
				TARGETED_DEVICE_FAMILY = "1,2";
				TEST_HOST = "$(BUILT_PRODUCTS_DIR)/MemoryGame.app/$(BUNDLE_EXECUTABLE_FOLDER_PATH)/MemoryGame";
			};
			name = Debug;
		};
		79455EC4296CF6A700C807B2 /* Release */ = {
			isa = XCBuildConfiguration;
			buildSettings = {
				ALWAYS_EMBED_SWIFT_STANDARD_LIBRARIES = YES;
				BUNDLE_LOADER = "$(TEST_HOST)";
				CODE_SIGN_STYLE = Automatic;
				CURRENT_PROJECT_VERSION = 1;
				DEVELOPMENT_TEAM = QL7G84W3RH;
				FRAMEWORK_SEARCH_PATHS = "$(inherited)";
				GENERATE_INFOPLIST_FILE = YES;
				HEADER_SEARCH_PATHS = "$(inherited)";
				IPHONEOS_DEPLOYMENT_TARGET = 16.2;
				MARKETING_VERSION = 1.0;
				PRODUCT_BUNDLE_IDENTIFIER = ca.veltus.MemoryGameTests;
				PRODUCT_NAME = "$(TARGET_NAME)";
				SWIFT_EMIT_LOC_STRINGS = NO;
				SWIFT_VERSION = 5.0;
				TARGETED_DEVICE_FAMILY = "1,2";
				TEST_HOST = "$(BUILT_PRODUCTS_DIR)/MemoryGame.app/$(BUNDLE_EXECUTABLE_FOLDER_PATH)/MemoryGame";
			};
			name = Release;
		};
		79455EC6296CF6A700C807B2 /* Debug */ = {
			isa = XCBuildConfiguration;
			buildSettings = {
				ALWAYS_EMBED_SWIFT_STANDARD_LIBRARIES = YES;
				CODE_SIGN_STYLE = Automatic;
				CURRENT_PROJECT_VERSION = 1;
				DEVELOPMENT_TEAM = QL7G84W3RH;
				FRAMEWORK_SEARCH_PATHS = "$(inherited)";
				GENERATE_INFOPLIST_FILE = YES;
				HEADER_SEARCH_PATHS = "$(inherited)";
				MARKETING_VERSION = 1.0;
				PRODUCT_BUNDLE_IDENTIFIER = ca.veltus.MemoryGameUITests;
				PRODUCT_NAME = "$(TARGET_NAME)";
				SWIFT_EMIT_LOC_STRINGS = NO;
				SWIFT_VERSION = 5.0;
				TARGETED_DEVICE_FAMILY = "1,2";
				TEST_TARGET_NAME = MemoryGame;
			};
			name = Debug;
		};
		79455EC7296CF6A700C807B2 /* Release */ = {
			isa = XCBuildConfiguration;
			buildSettings = {
				ALWAYS_EMBED_SWIFT_STANDARD_LIBRARIES = YES;
				CODE_SIGN_STYLE = Automatic;
				CURRENT_PROJECT_VERSION = 1;
				DEVELOPMENT_TEAM = QL7G84W3RH;
				FRAMEWORK_SEARCH_PATHS = "$(inherited)";
				GENERATE_INFOPLIST_FILE = YES;
				HEADER_SEARCH_PATHS = "$(inherited)";
				MARKETING_VERSION = 1.0;
				PRODUCT_BUNDLE_IDENTIFIER = ca.veltus.MemoryGameUITests;
				PRODUCT_NAME = "$(TARGET_NAME)";
				SWIFT_EMIT_LOC_STRINGS = NO;
				SWIFT_VERSION = 5.0;
				TARGETED_DEVICE_FAMILY = "1,2";
				TEST_TARGET_NAME = MemoryGame;
			};
			name = Release;
		};
/* End XCBuildConfiguration section */

/* Begin XCConfigurationList section */
		79455E96296CF6A400C807B2 /* Build configuration list for PBXProject "MemoryGame" */ = {
			isa = XCConfigurationList;
			buildConfigurations = (
				79455EBD296CF6A700C807B2 /* Debug */,
				79455EBE296CF6A700C807B2 /* Release */,
			);
			defaultConfigurationIsVisible = 0;
			defaultConfigurationName = Release;
		};
		79455EBF296CF6A700C807B2 /* Build configuration list for PBXNativeTarget "MemoryGame" */ = {
			isa = XCConfigurationList;
			buildConfigurations = (
				79455EC0296CF6A700C807B2 /* Debug */,
				79455EC1296CF6A700C807B2 /* Release */,
			);
			defaultConfigurationIsVisible = 0;
			defaultConfigurationName = Release;
		};
		79455EC2296CF6A700C807B2 /* Build configuration list for PBXNativeTarget "MemoryGameTests" */ = {
			isa = XCConfigurationList;
			buildConfigurations = (
				79455EC3296CF6A700C807B2 /* Debug */,
				79455EC4296CF6A700C807B2 /* Release */,
			);
			defaultConfigurationIsVisible = 0;
			defaultConfigurationName = Release;
		};
		79455EC5296CF6A700C807B2 /* Build configuration list for PBXNativeTarget "MemoryGameUITests" */ = {
			isa = XCConfigurationList;
			buildConfigurations = (
				79455EC6296CF6A700C807B2 /* Debug */,
				79455EC7296CF6A700C807B2 /* Release */,
			);
			defaultConfigurationIsVisible = 0;
			defaultConfigurationName = Release;
		};
/* End XCConfigurationList section */
	};
	rootObject = 79455E93296CF6A400C807B2 /* Project object */;
}
